
Microsoft Visual Studio Solution File, Format Version 12.00
# Visual Studio Version 17
VisualStudioVersion = 17.0.31903.59
MinimumVisualStudioVersion = 10.0.40219.1
Project("{FAE04EC0-301F-11D3-BF4B-00C04F79EFBC}") = "API", "API\API.csproj", "{942AB61D-BE5C-4CC1-903B-3439BD833954}"
EndProject
Project("{FAE04EC0-301F-11D3-BF4B-00C04F79EFBC}") = "Core", "Core\Core.csproj", "{89FAE802-9BAF-43EA-8657-A71DE0788CE2}"
EndProject
Project("{FAE04EC0-301F-11D3-BF4B-00C04F79EFBC}") = "Infrastructure", "Infrastructure\Infrastructure.csproj", "{885668B0-3E67-459B-9E21-D4604524380C}"
EndProject
Global
	GlobalSection(SolutionConfigurationPlatforms) = preSolution
		Debug|Any CPU = Debug|Any CPU
		Release|Any CPU = Release|Any CPU
	EndGlobalSection
	GlobalSection(SolutionProperties) = preSolution
		HideSolutionNode = FALSE
	EndGlobalSection
	GlobalSection(ProjectConfigurationPlatforms) = postSolution
		{942AB61D-BE5C-4CC1-903B-3439BD833954}.Debug|Any CPU.ActiveCfg = Debug|Any CPU
		{942AB61D-BE5C-4CC1-903B-3439BD833954}.Debug|Any CPU.Build.0 = Debug|Any CPU
		{942AB61D-BE5C-4CC1-903B-3439BD833954}.Release|Any CPU.ActiveCfg = Release|Any CPU
		{942AB61D-BE5C-4CC1-903B-3439BD833954}.Release|Any CPU.Build.0 = Release|Any CPU
		{89FAE802-9BAF-43EA-8657-A71DE0788CE2}.Debug|Any CPU.ActiveCfg = Debug|Any CPU
		{89FAE802-9BAF-43EA-8657-A71DE0788CE2}.Debug|Any CPU.Build.0 = Debug|Any CPU
		{89FAE802-9BAF-43EA-8657-A71DE0788CE2}.Release|Any CPU.ActiveCfg = Release|Any CPU
		{89FAE802-9BAF-43EA-8657-A71DE0788CE2}.Release|Any CPU.Build.0 = Release|Any CPU
		{885668B0-3E67-459B-9E21-D4604524380C}.Debug|Any CPU.ActiveCfg = Debug|Any CPU
		{885668B0-3E67-459B-9E21-D4604524380C}.Debug|Any CPU.Build.0 = Debug|Any CPU
		{885668B0-3E67-459B-9E21-D4604524380C}.Release|Any CPU.ActiveCfg = Release|Any CPU
		{885668B0-3E67-459B-9E21-D4604524380C}.Release|Any CPU.Build.0 = Release|Any CPU
	EndGlobalSection
EndGlobal
